
Microsoft Visual Studio Solution File, Format Version 12.00
# Visual Studio 15
VisualStudioVersion = 15.0.27130.2027
MinimumVisualStudioVersion = 10.0.40219.1
Project("{FAE04EC0-301F-11D3-BF4B-00C04F79EFBC}") = "Test_API", "Test_API\Test_API.csproj", "{C8028670-B104-4696-A887-D0885F812C9F}"
EndProject
Project("{FAE04EC0-301F-11D3-BF4B-00C04F79EFBC}") = "Test_API.Tests", "Test_API.Tests\Test_API.Tests.csproj", "{4D6C3679-0862-4864-AEF4-D4D86D8A4858}"
EndProject
Global
	GlobalSection(SolutionConfigurationPlatforms) = preSolution
		Debug|Any CPU = Debug|Any CPU
		Release|Any CPU = Release|Any CPU
	EndGlobalSection
	GlobalSection(ProjectConfigurationPlatforms) = postSolution
		{C8028670-B104-4696-A887-D0885F812C9F}.Debug|Any CPU.ActiveCfg = Debug|Any CPU
		{C8028670-B104-4696-A887-D0885F812C9F}.Debug|Any CPU.Build.0 = Debug|Any CPU
		{C8028670-B104-4696-A887-D0885F812C9F}.Release|Any CPU.ActiveCfg = Release|Any CPU
		{C8028670-B104-4696-A887-D0885F812C9F}.Release|Any CPU.Build.0 = Release|Any CPU
		{4D6C3679-0862-4864-AEF4-D4D86D8A4858}.Debug|Any CPU.ActiveCfg = Debug|Any CPU
		{4D6C3679-0862-4864-AEF4-D4D86D8A4858}.Debug|Any CPU.Build.0 = Debug|Any CPU
		{4D6C3679-0862-4864-AEF4-D4D86D8A4858}.Release|Any CPU.ActiveCfg = Release|Any CPU
		{4D6C3679-0862-4864-AEF4-D4D86D8A4858}.Release|Any CPU.Build.0 = Release|Any CPU
	EndGlobalSection
	GlobalSection(SolutionProperties) = preSolution
		HideSolutionNode = FALSE
	EndGlobalSection
	GlobalSection(ExtensibilityGlobals) = postSolution
		SolutionGuid = {8E20C6A3-DC2B-4CD8-BD34-F49CF2EFBE3D}
	EndGlobalSection
EndGlobal
